
Microsoft Visual Studio Solution File, Format Version 12.00
# Visual Studio Version 17
VisualStudioVersion = 17.14.36811.4
MinimumVisualStudioVersion = 10.0.40219.1
Project("{FAE04EC0-301F-11D3-BF4B-00C04F79EFBC}") = "WebDBAdmin.Domain", "WebDBAdmin.Domain\WebDBAdmin.Domain.csproj", "{FFC7CA54-BD10-A229-56F9-E498ED905222}"
EndProject
Project("{FAE04EC0-301F-11D3-BF4B-00C04F79EFBC}") = "WebDBAdmin.Application", "WebDBAdmin.Application\WebDBAdmin.Application.csproj", "{EF9705CE-BA76-5E6D-D32B-410AA34BB740}"
EndProject
Project("{FAE04EC0-301F-11D3-BF4B-00C04F79EFBC}") = "WebDBAdmin.Infrastructure", "WebDBAdmin.Infrastructure\WebDBAdmin.Infrastructure.csproj", "{90FE383C-2C50-B5A2-45C9-12E11BC15DF2}"
EndProject
Project("{FAE04EC0-301F-11D3-BF4B-00C04F79EFBC}") = "WebDBAdmin.Presentation", "WebDBAdmin.Presentation\WebDBAdmin.Presentation.csproj", "{6BD8FDD4-8E44-CA8E-3C3B-20DDFDEACDA9}"
EndProject
Global
	GlobalSection(SolutionConfigurationPlatforms) = preSolution
		Debug|Any CPU = Debug|Any CPU
		Release|Any CPU = Release|Any CPU
	EndGlobalSection
	GlobalSection(ProjectConfigurationPlatforms) = postSolution
		{FFC7CA54-BD10-A229-56F9-E498ED905222}.Debug|Any CPU.ActiveCfg = Debug|Any CPU
		{FFC7CA54-BD10-A229-56F9-E498ED905222}.Debug|Any CPU.Build.0 = Debug|Any CPU
		{FFC7CA54-BD10-A229-56F9-E498ED905222}.Release|Any CPU.ActiveCfg = Release|Any CPU
		{FFC7CA54-BD10-A229-56F9-E498ED905222}.Release|Any CPU.Build.0 = Release|Any CPU
		{EF9705CE-BA76-5E6D-D32B-410AA34BB740}.Debug|Any CPU.ActiveCfg = Debug|Any CPU
		{EF9705CE-BA76-5E6D-D32B-410AA34BB740}.Debug|Any CPU.Build.0 = Debug|Any CPU
		{EF9705CE-BA76-5E6D-D32B-410AA34BB740}.Release|Any CPU.ActiveCfg = Release|Any CPU
		{EF9705CE-BA76-5E6D-D32B-410AA34BB740}.Release|Any CPU.Build.0 = Release|Any CPU
		{90FE383C-2C50-B5A2-45C9-12E11BC15DF2}.Debug|Any CPU.ActiveCfg = Debug|Any CPU
		{90FE383C-2C50-B5A2-45C9-12E11BC15DF2}.Debug|Any CPU.Build.0 = Debug|Any CPU
		{90FE383C-2C50-B5A2-45C9-12E11BC15DF2}.Release|Any CPU.ActiveCfg = Release|Any CPU
		{90FE383C-2C50-B5A2-45C9-12E11BC15DF2}.Release|Any CPU.Build.0 = Release|Any CPU
		{6BD8FDD4-8E44-CA8E-3C3B-20DDFDEACDA9}.Debug|Any CPU.ActiveCfg = Debug|Any CPU
		{6BD8FDD4-8E44-CA8E-3C3B-20DDFDEACDA9}.Debug|Any CPU.Build.0 = Debug|Any CPU
		{6BD8FDD4-8E44-CA8E-3C3B-20DDFDEACDA9}.Release|Any CPU.ActiveCfg = Release|Any CPU
		{6BD8FDD4-8E44-CA8E-3C3B-20DDFDEACDA9}.Release|Any CPU.Build.0 = Release|Any CPU
	EndGlobalSection
	GlobalSection(SolutionProperties) = preSolution
		HideSolutionNode = FALSE
	EndGlobalSection
	GlobalSection(ExtensibilityGlobals) = postSolution
		SolutionGuid = {6AB885BC-5CC4-4550-8C4B-6E0382830AFF}
	EndGlobalSection
EndGlobal
